
Microsoft Visual Studio Solution File, Format Version 12.00
# Visual Studio 14
VisualStudioVersion = 14.0.25123.0
MinimumVisualStudioVersion = 10.0.40219.1
Project("{FAE04EC0-301F-11D3-BF4B-00C04F79EFBC}") = "BusinessPlatform.Web", "businessplatform\businessplatform.Web\BusinessPlatform.Web.csproj", "{8C0559FA-92B5-433B-AA20-5343CCB181E6}"
EndProject
Project("{FAE04EC0-301F-11D3-BF4B-00C04F79EFBC}") = "BusinessPlatform.Entities", "businessplatform-shared\businessplatform.Entities\BusinessPlatform.Entities.csproj", "{2AD725C2-1DE0-42E9-9357-27CD3532D9D6}"
EndProject
Project("{FAE04EC0-301F-11D3-BF4B-00C04F79EFBC}") = "BusinessPlatform.Json", "businessplatform-shared\businessplatform.Json\BusinessPlatform.Json.csproj", "{5AAC2EF6-D5DB-42A3-B5DC-284A01ADF2DA}"
EndProject
Project("{FAE04EC0-301F-11D3-BF4B-00C04F79EFBC}") = "BusinessPlatform.Resources", "businessplatform-shared\businessplatform.Resources\BusinessPlatform.Resources.csproj", "{BD72AC3D-C76A-493B-9F63-6E7D7C7B206B}"
EndProject
Project("{FAE04EC0-301F-11D3-BF4B-00C04F79EFBC}") = "BusinessPlatform.Messages", "businessplatform-shared\businessplatform.Messages\BusinessPlatform.Messages.csproj", "{79F20FC9-1C9C-46CE-B6FE-477BA1405F18}"
EndProject
Global
	GlobalSection(SolutionConfigurationPlatforms) = preSolution
		Debug|Any CPU = Debug|Any CPU
		Release|Any CPU = Release|Any CPU
	EndGlobalSection
	GlobalSection(ProjectConfigurationPlatforms) = postSolution
		{8C0559FA-92B5-433B-AA20-5343CCB181E6}.Debug|Any CPU.ActiveCfg = Debug|Any CPU
		{8C0559FA-92B5-433B-AA20-5343CCB181E6}.Debug|Any CPU.Build.0 = Debug|Any CPU
		{8C0559FA-92B5-433B-AA20-5343CCB181E6}.Release|Any CPU.ActiveCfg = Release|Any CPU
		{8C0559FA-92B5-433B-AA20-5343CCB181E6}.Release|Any CPU.Build.0 = Release|Any CPU
		{2AD725C2-1DE0-42E9-9357-27CD3532D9D6}.Debug|Any CPU.ActiveCfg = Debug|Any CPU
		{2AD725C2-1DE0-42E9-9357-27CD3532D9D6}.Debug|Any CPU.Build.0 = Debug|Any CPU
		{2AD725C2-1DE0-42E9-9357-27CD3532D9D6}.Release|Any CPU.ActiveCfg = Release|Any CPU
		{2AD725C2-1DE0-42E9-9357-27CD3532D9D6}.Release|Any CPU.Build.0 = Release|Any CPU
		{5AAC2EF6-D5DB-42A3-B5DC-284A01ADF2DA}.Debug|Any CPU.ActiveCfg = Debug|Any CPU
		{5AAC2EF6-D5DB-42A3-B5DC-284A01ADF2DA}.Debug|Any CPU.Build.0 = Debug|Any CPU
		{5AAC2EF6-D5DB-42A3-B5DC-284A01ADF2DA}.Release|Any CPU.ActiveCfg = Release|Any CPU
		{5AAC2EF6-D5DB-42A3-B5DC-284A01ADF2DA}.Release|Any CPU.Build.0 = Release|Any CPU
		{BD72AC3D-C76A-493B-9F63-6E7D7C7B206B}.Debug|Any CPU.ActiveCfg = Debug|Any CPU
		{BD72AC3D-C76A-493B-9F63-6E7D7C7B206B}.Debug|Any CPU.Build.0 = Debug|Any CPU
		{BD72AC3D-C76A-493B-9F63-6E7D7C7B206B}.Release|Any CPU.ActiveCfg = Release|Any CPU
		{BD72AC3D-C76A-493B-9F63-6E7D7C7B206B}.Release|Any CPU.Build.0 = Release|Any CPU
		{79F20FC9-1C9C-46CE-B6FE-477BA1405F18}.Debug|Any CPU.ActiveCfg = Debug|Any CPU
		{79F20FC9-1C9C-46CE-B6FE-477BA1405F18}.Debug|Any CPU.Build.0 = Debug|Any CPU
		{79F20FC9-1C9C-46CE-B6FE-477BA1405F18}.Release|Any CPU.ActiveCfg = Release|Any CPU
		{79F20FC9-1C9C-46CE-B6FE-477BA1405F18}.Release|Any CPU.Build.0 = Release|Any CPU
	EndGlobalSection
	GlobalSection(SolutionProperties) = preSolution
		HideSolutionNode = FALSE
	EndGlobalSection
EndGlobal
